
Microsoft Visual Studio Solution File, Format Version 12.00
Project("{FAE04EC0-301F-11D3-BF4B-00C04F79EFBC}") = "App", "App\App.csproj", "{DAF319FB-94B2-4E9F-A7A1-697A23371350}"
EndProject
Project("{FAE04EC0-301F-11D3-BF4B-00C04F79EFBC}") = "Tests", "Tests\Tests.csproj", "{B246B100-9D04-4EF0-BE86-630E55224C65}"
EndProject
Global
	GlobalSection(SolutionConfigurationPlatforms) = preSolution
		Debug|Any CPU = Debug|Any CPU
		Release|Any CPU = Release|Any CPU
	EndGlobalSection
	GlobalSection(ProjectConfigurationPlatforms) = postSolution
		{DAF319FB-94B2-4E9F-A7A1-697A23371350}.Debug|Any CPU.ActiveCfg = Debug|Any CPU
		{DAF319FB-94B2-4E9F-A7A1-697A23371350}.Debug|Any CPU.Build.0 = Debug|Any CPU
		{DAF319FB-94B2-4E9F-A7A1-697A23371350}.Release|Any CPU.ActiveCfg = Release|Any CPU
		{DAF319FB-94B2-4E9F-A7A1-697A23371350}.Release|Any CPU.Build.0 = Release|Any CPU
		{B246B100-9D04-4EF0-BE86-630E55224C65}.Debug|Any CPU.ActiveCfg = Debug|Any CPU
		{B246B100-9D04-4EF0-BE86-630E55224C65}.Debug|Any CPU.Build.0 = Debug|Any CPU
		{B246B100-9D04-4EF0-BE86-630E55224C65}.Release|Any CPU.ActiveCfg = Release|Any CPU
		{B246B100-9D04-4EF0-BE86-630E55224C65}.Release|Any CPU.Build.0 = Release|Any CPU
	EndGlobalSection
EndGlobal
